
Microsoft Visual Studio Solution File, Format Version 12.00
# Visual Studio 15
VisualStudioVersion = 15.0.27703.1
MinimumVisualStudioVersion = 10.0.40219.1
Project("{FAE04EC0-301F-11D3-BF4B-00C04F79EFBC}") = "WindowsFormsTransformer", "WindowsFormsTransformer\WindowsFormsTransformer.csproj", "{6A48F98D-305D-4127-9A8F-10932A0CF782}"
EndProject
Global
	GlobalSection(SolutionConfigurationPlatforms) = preSolution
		Debug|Any CPU = Debug|Any CPU
		Release|Any CPU = Release|Any CPU
	EndGlobalSection
	GlobalSection(ProjectConfigurationPlatforms) = postSolution
		{6A48F98D-305D-4127-9A8F-10932A0CF782}.Debug|Any CPU.ActiveCfg = Debug|Any CPU
		{6A48F98D-305D-4127-9A8F-10932A0CF782}.Debug|Any CPU.Build.0 = Debug|Any CPU
		{6A48F98D-305D-4127-9A8F-10932A0CF782}.Release|Any CPU.ActiveCfg = Release|Any CPU
		{6A48F98D-305D-4127-9A8F-10932A0CF782}.Release|Any CPU.Build.0 = Release|Any CPU
	EndGlobalSection
	GlobalSection(SolutionProperties) = preSolution
		HideSolutionNode = FALSE
	EndGlobalSection
	GlobalSection(ExtensibilityGlobals) = postSolution
		SolutionGuid = {E7CF7A81-507F-4E85-A1B0-E6B37DF1E18B}
	EndGlobalSection
EndGlobal
