
Microsoft Visual Studio Solution File, Format Version 12.00
# Visual Studio 15
VisualStudioVersion = 15.0.27428.1
MinimumVisualStudioVersion = 10.0.40219.1
Project("{FAE04EC0-301F-11D3-BF4B-00C04F79EFBC}") = "DialogWindows", "DialogWindows\DialogWindows.csproj", "{9AECFEDB-85F5-4A86-A9A8-478793FE5686}"
EndProject
Global
	GlobalSection(SolutionConfigurationPlatforms) = preSolution
		Debug|Any CPU = Debug|Any CPU
		Release|Any CPU = Release|Any CPU
	EndGlobalSection
	GlobalSection(ProjectConfigurationPlatforms) = postSolution
		{9AECFEDB-85F5-4A86-A9A8-478793FE5686}.Debug|Any CPU.ActiveCfg = Debug|Any CPU
		{9AECFEDB-85F5-4A86-A9A8-478793FE5686}.Debug|Any CPU.Build.0 = Debug|Any CPU
		{9AECFEDB-85F5-4A86-A9A8-478793FE5686}.Release|Any CPU.ActiveCfg = Release|Any CPU
		{9AECFEDB-85F5-4A86-A9A8-478793FE5686}.Release|Any CPU.Build.0 = Release|Any CPU
	EndGlobalSection
	GlobalSection(SolutionProperties) = preSolution
		HideSolutionNode = FALSE
	EndGlobalSection
	GlobalSection(ExtensibilityGlobals) = postSolution
		SolutionGuid = {E9DDFAA3-3AF0-4871-8E95-2A06D1FF6015}
	EndGlobalSection
EndGlobal
