
Microsoft Visual Studio Solution File, Format Version 12.00
# Visual Studio 15
VisualStudioVersion = 15.0.27428.1
MinimumVisualStudioVersion = 10.0.40219.1
Project("{FAE04EC0-301F-11D3-BF4B-00C04F79EFBC}") = "WindowsFormsCS", "WindowsFormsCS\WindowsFormsCS.csproj", "{EC43A659-DC3F-4B53-85E7-27C452DE6556}"
EndProject
Global
	GlobalSection(SolutionConfigurationPlatforms) = preSolution
		Debug|Any CPU = Debug|Any CPU
		Release|Any CPU = Release|Any CPU
	EndGlobalSection
	GlobalSection(ProjectConfigurationPlatforms) = postSolution
		{EC43A659-DC3F-4B53-85E7-27C452DE6556}.Debug|Any CPU.ActiveCfg = Debug|Any CPU
		{EC43A659-DC3F-4B53-85E7-27C452DE6556}.Debug|Any CPU.Build.0 = Debug|Any CPU
		{EC43A659-DC3F-4B53-85E7-27C452DE6556}.Release|Any CPU.ActiveCfg = Release|Any CPU
		{EC43A659-DC3F-4B53-85E7-27C452DE6556}.Release|Any CPU.Build.0 = Release|Any CPU
	EndGlobalSection
	GlobalSection(SolutionProperties) = preSolution
		HideSolutionNode = FALSE
	EndGlobalSection
	GlobalSection(ExtensibilityGlobals) = postSolution
		SolutionGuid = {CD32C7DD-3B69-4AB9-BF5A-FA4A31CF3B83}
	EndGlobalSection
EndGlobal
